{
  "name": "@logiceel/product-core",
  "version": "1.0.0",
  "lockfileVersion": 3,
  "requires": true,
  "packages": {
    "": {
      "name": "@logiceel/product-core",
      "version": "1.0.0",
      "hasInstallScript": true,
      "license": "ISC",
      "dependencies": {
        "@logicfeel/store-core": "^1.0.0"
      }
    },
    "node_modules/@logicfeel/store-core": {
      "version": "1.0.0",
      "resolved": "https://registry.npmjs.org/@logicfeel/store-core/-/store-core-1.0.0.tgz",
      "integrity": "sha512-FvPZyWAR2l0PIZH6Yq2tO6WwkNYuX9Um3/7Sfw7sfRluNWYg8FFSnnsQm0mZ9v2l4KA1Y5mMvp9yRGDVPeV4dQ==",
      "dependencies": {
        "kysely": "^0.28.5",
        "logic-sql-entity": "github:white-base/logic-sql-entity"
      }
    },
    "node_modules/kysely": {
      "version": "0.28.5",
      "resolved": "https://registry.npmjs.org/kysely/-/kysely-0.28.5.tgz",
      "integrity": "sha512-rlB0I/c6FBDWPcQoDtkxi9zIvpmnV5xoIalfCMSMCa7nuA6VGA3F54TW9mEgX4DVf10sXAWCF5fDbamI/5ZpKA==",
      "engines": {
        "node": ">=20.0.0"
      }
    },
    "node_modules/logic-core": {
      "version": "1.1.4",
      "resolved": "git+ssh://git@github.com/white-base/core.git#3fa71e57bf4fac65d84bee8e60a49bc0a687bcb7"
    },
    "node_modules/logic-entity": {
      "version": "1.1.8",
      "resolved": "git+ssh://git@github.com/white-base/meta-entity.git#31eae3faea8334b29c75740d1707862f695116d3",
      "dependencies": {
        "logic-core": "https://github.com/white-base/core.git"
      }
    },
    "node_modules/logic-sql-entity": {
      "version": "0.0.2",
      "resolved": "git+ssh://git@github.com/white-base/logic-sql-entity.git#b6d294dcc242eac1729ef61987456202bb7fcc4f",
      "dependencies": {
        "kysely": "^0.28.5",
        "logic-entity": "https://github.com/white-base/meta-entity.git"
      }
    }
  }
}
