{
  "name": "@logic-entity/product-core",
  "version": "1.0.0",
  "lockfileVersion": 3,
  "requires": true,
  "packages": {
    "": {
      "name": "@logic-entity/product-core",
      "version": "1.0.0",
      "license": "ISC",
      "dependencies": {
        "@logic-entity/store-core": "github:white-base/tester#sto-v1"
      }
    },
    "node_modules/@logic-entity/store-core": {
      "version": "1.0.0",
      "resolved": "git+ssh://git@github.com/white-base/tester.git#e9c18becbcc78adf1bde9bfe94ee884030431093",
      "dependencies": {
        "kysely": "^0.28.5",
        "logic-sql-entity": "github:white-base/logic-sql-entity"
      }
    },
    "node_modules/invert-kv": {
      "version": "3.0.1",
      "resolved": "https://registry.npmjs.org/invert-kv/-/invert-kv-3.0.1.tgz",
      "integrity": "sha512-CYdFeFexxhv/Bcny+Q0BfOV+ltRlJcd4BBZBYFX/O0u4npJrgZtIcjokegtiSMAvlMTJ+Koq0GBCc//3bueQxw==",
      "engines": {
        "node": ">=8"
      },
      "funding": {
        "url": "https://github.com/sindresorhus/invert-kv?sponsor=1"
      }
    },
    "node_modules/kysely": {
      "version": "0.28.5",
      "resolved": "https://registry.npmjs.org/kysely/-/kysely-0.28.5.tgz",
      "integrity": "sha512-rlB0I/c6FBDWPcQoDtkxi9zIvpmnV5xoIalfCMSMCa7nuA6VGA3F54TW9mEgX4DVf10sXAWCF5fDbamI/5ZpKA==",
      "engines": {
        "node": ">=20.0.0"
      }
    },
    "node_modules/lcid": {
      "version": "3.1.1",
      "resolved": "https://registry.npmjs.org/lcid/-/lcid-3.1.1.tgz",
      "integrity": "sha512-M6T051+5QCGLBQb8id3hdvIW8+zeFV2FyBGFS9IEK5H9Wt4MueD4bW1eWikpHgZp+5xR3l5c8pZUkQsIA0BFZg==",
      "dependencies": {
        "invert-kv": "^3.0.0"
      },
      "engines": {
        "node": ">=8"
      }
    },
    "node_modules/logic-core": {
      "version": "1.0.5",
      "resolved": "git+ssh://git@github.com/white-base/core.git#58bbc07a087efce88b3af850542d4b39f666a29e",
      "license": "MIT",
      "dependencies": {
        "os-locale": "^6.0.2"
      }
    },
    "node_modules/logic-entity": {
      "version": "1.1.8",
      "resolved": "git+ssh://git@github.com/white-base/meta-entity.git#31eae3faea8334b29c75740d1707862f695116d3",
      "dependencies": {
        "logic-core": "https://github.com/white-base/core.git"
      }
    },
    "node_modules/logic-sql-entity": {
      "version": "0.0.2",
      "resolved": "git+ssh://git@github.com/white-base/logic-sql-entity.git#b6d294dcc242eac1729ef61987456202bb7fcc4f",
      "dependencies": {
        "kysely": "^0.28.5",
        "logic-entity": "https://github.com/white-base/meta-entity.git"
      }
    },
    "node_modules/os-locale": {
      "version": "6.0.2",
      "resolved": "https://registry.npmjs.org/os-locale/-/os-locale-6.0.2.tgz",
      "integrity": "sha512-qIb8bzRqaN/vVqEYZ7lTAg6PonskO7xOmM7OClD28F6eFa4s5XGe4bGpHUHMoCHbNNuR0pDYFeSLiW5bnjWXIA==",
      "dependencies": {
        "lcid": "^3.1.1"
      },
      "engines": {
        "node": ">=12.20"
      },
      "funding": {
        "url": "https://github.com/sponsors/sindresorhus"
      }
    }
  }
}
